
Microsoft Visual Studio Solution File, Format Version 12.00
# Visual Studio Version 16
VisualStudioVersion = 16.0.30804.86
MinimumVisualStudioVersion = 10.0.40219.1
Project("{9A19103F-16F7-4668-BE54-9A1E7A4F7556}") = "Renko Chart Demo", "QQQ Dashboard\Renko Chart Demo.csproj", "{FB9974FD-DFA4-4BB9-BB1A-5ADF23B26AA3}"
EndProject
Project("{9A19103F-16F7-4668-BE54-9A1E7A4F7556}") = "Highcharts.RenkoDiagram", "Highcharts.RenkoDiagram\Highcharts.RenkoDiagram.csproj", "{3BDF8580-9DEC-4045-BE64-523752EED7AD}"
EndProject
Global
	GlobalSection(SolutionConfigurationPlatforms) = preSolution
		Debug|Any CPU = Debug|Any CPU
		Release|Any CPU = Release|Any CPU
	EndGlobalSection
	GlobalSection(ProjectConfigurationPlatforms) = postSolution
		{FB9974FD-DFA4-4BB9-BB1A-5ADF23B26AA3}.Debug|Any CPU.ActiveCfg = Debug|Any CPU
		{FB9974FD-DFA4-4BB9-BB1A-5ADF23B26AA3}.Debug|Any CPU.Build.0 = Debug|Any CPU
		{FB9974FD-DFA4-4BB9-BB1A-5ADF23B26AA3}.Release|Any CPU.ActiveCfg = Release|Any CPU
		{FB9974FD-DFA4-4BB9-BB1A-5ADF23B26AA3}.Release|Any CPU.Build.0 = Release|Any CPU
		{3BDF8580-9DEC-4045-BE64-523752EED7AD}.Debug|Any CPU.ActiveCfg = Debug|Any CPU
		{3BDF8580-9DEC-4045-BE64-523752EED7AD}.Debug|Any CPU.Build.0 = Debug|Any CPU
		{3BDF8580-9DEC-4045-BE64-523752EED7AD}.Release|Any CPU.ActiveCfg = Release|Any CPU
		{3BDF8580-9DEC-4045-BE64-523752EED7AD}.Release|Any CPU.Build.0 = Release|Any CPU
	EndGlobalSection
	GlobalSection(SolutionProperties) = preSolution
		HideSolutionNode = FALSE
	EndGlobalSection
	GlobalSection(ExtensibilityGlobals) = postSolution
		SolutionGuid = {6C9AFED9-D94D-4399-875B-471D7E16F33D}
	EndGlobalSection
EndGlobal
